
Microsoft Visual Studio Solution File, Format Version 12.00
# Visual Studio Version 17
VisualStudioVersion = 17.10.34928.147
MinimumVisualStudioVersion = 10.0.40219.1
Project("{FAE04EC0-301F-11D3-BF4B-00C04F79EFBC}") = "FightingGame", "FightingGame\FightingGame.csproj", "{CDF301B1-52FF-4B02-AEB0-435D1FA179D6}"
EndProject
Global
	GlobalSection(SolutionConfigurationPlatforms) = preSolution
		Debug|Any CPU = Debug|Any CPU
		Release|Any CPU = Release|Any CPU
	EndGlobalSection
	GlobalSection(ProjectConfigurationPlatforms) = postSolution
		{CDF301B1-52FF-4B02-AEB0-435D1FA179D6}.Debug|Any CPU.ActiveCfg = Debug|Any CPU
		{CDF301B1-52FF-4B02-AEB0-435D1FA179D6}.Debug|Any CPU.Build.0 = Debug|Any CPU
		{CDF301B1-52FF-4B02-AEB0-435D1FA179D6}.Release|Any CPU.ActiveCfg = Release|Any CPU
		{CDF301B1-52FF-4B02-AEB0-435D1FA179D6}.Release|Any CPU.Build.0 = Release|Any CPU
	EndGlobalSection
	GlobalSection(SolutionProperties) = preSolution
		HideSolutionNode = FALSE
	EndGlobalSection
	GlobalSection(ExtensibilityGlobals) = postSolution
		SolutionGuid = {FE5EFD72-54C3-4DE9-A326-7F2821BFDECD}
	EndGlobalSection
EndGlobal
